{
  "version": 4,
  "terraform_version": "1.9.7",
  "serial": 10,
  "lineage": "873562b4-182f-8034-234f-8888fc21abda",
  "outputs": {},
  "resources": [
    {
      "mode": "managed",
      "type": "docker_image",
      "name": "nginx",
      "provider": "provider[\"registry.terraform.io/kreuzwerker/docker\"]",
      "instances": [
        {
          "schema_version": 0,
          "attributes": {
            "build": [],
            "force_remove": null,
            "id": "sha256:28402db69fec7c17e179ea87882667f1e054391138f77ffaf0c3eb388efc3ffbnginx:1.27",
            "image_id": "sha256:28402db69fec7c17e179ea87882667f1e054391138f77ffaf0c3eb388efc3ffb",
            "keep_locally": null,
            "name": "nginx:1.27",
            "platform": null,
            "pull_triggers": null,
            "repo_digest": "nginx@sha256:28402db69fec7c17e179ea87882667f1e054391138f77ffaf0c3eb388efc3ffb",
            "triggers": null
          },
          "sensitive_attributes": [],
          "private": "bnVsbA=="
        }
      ]
    },
    {
      "mode": "managed",
      "type": "docker_image",
      "name": "php",
      "provider": "provider[\"registry.terraform.io/kreuzwerker/docker\"]",
      "instances": [
        {
          "schema_version": 0,
          "attributes": {
            "build": [],
            "force_remove": null,
            "id": "sha256:dd5ae053b1d4d3b876b421ada919283f1302440f9ab582fdae19bbb23238002fphp:8.3-fpm",
            "image_id": "sha256:dd5ae053b1d4d3b876b421ada919283f1302440f9ab582fdae19bbb23238002f",
            "keep_locally": null,
            "name": "php:8.3-fpm",
            "platform": null,
            "pull_triggers": null,
            "repo_digest": "php@sha256:dd5ae053b1d4d3b876b421ada919283f1302440f9ab582fdae19bbb23238002f",
            "triggers": null
          },
          "sensitive_attributes": [],
          "private": "bnVsbA=="
        }
      ]
    }
  ],
  "check_results": null
}
